<?xml version="1.0" encoding="utf-8"?>
<Project ToolsVersion="4.0" xmlns="http://schemas.microsoft.com/developer/msbuild/2003">
  <ItemGroup>
    <Filter Include="Header Files">
      <UniqueIdentifier>{9280f82f-95bf-4068-a43c-2b183c4c9a90}</UniqueIdentifier>
    </Filter>
    <Filter Include="Source Files">
      <UniqueIdentifier>{f5830c4d-29f6-47a5-8b07-db8fa3832371}</UniqueIdentifier>
    </Filter>
    <Filter Include="External">
      <UniqueIdentifier>{171abfe3-b0cb-4072-9f37-f6b15fae1521}</UniqueIdentifier>
    </Filter>
  </ItemGroup>
  <ItemGroup>
    <ClInclude Include="..\..\config\project_comms_structure\include\project_comms_structure\ProjectObjectConstants.h" />
    <ClInclude Include="..\..\config\project_comms_structure\include\project_comms_structure\ProjectObjectDefinition.h" />
    <ClInclude Include="Source\AutoRotateFourViewController.h">
      <Filter>Header Files</Filter>
    </ClInclude>
    <ClInclude Include="Source\AutoRotateSingleViewController.h">
      <Filter>Header Files</Filter>
    </ClInclude>
    <ClInclude Include="Source\CanvasViewManager.h">
      <Filter>Header Files</Filter>
    </ClInclude>
    <ClInclude Include="Source\CCTVBackendUnitImpl.h">
      <Filter>Header Files</Filter>
    </ClInclude>
    <ClInclude Include="Source\CCTVCommsInterface.h">
      <Filter>Header Files</Filter>
    </ClInclude>
    <ClInclude Include="Source\CCTVState.h">
      <Filter>Header Files</Filter>
    </ClInclude>
    <ClInclude Include="Source\CCTVTrainInterface.h">
      <Filter>Header Files</Filter>
    </ClInclude>
    <ClInclude Include="Source\CCTVViewController.h">
      <Filter>Header Files</Filter>
    </ClInclude>
    <ClInclude Include="Source\CCTVVisionManager.h">
      <Filter>Header Files</Filter>
    </ClInclude>
    <ClInclude Include="Source\CommsInterface.h">
      <Filter>Header Files</Filter>
    </ClInclude>
    <ClInclude Include="Source\ICCTVProperties.h">
      <Filter>Header Files</Filter>
    </ClInclude>
    <ClInclude Include="Source\ICommsInterface.h">
      <Filter>Header Files</Filter>
    </ClInclude>
    <ClInclude Include="Source\IVisionInterface.h">
      <Filter>Header Files</Filter>
    </ClInclude>
    <ClInclude Include="Source\PowerUpViewController.h">
      <Filter>Header Files</Filter>
    </ClInclude>
    <ClInclude Include="Source\SelectedCameraViewController.h">
      <Filter>Header Files</Filter>
    </ClInclude>
    <ClInclude Include="Source\ShutdownViewController.h">
      <Filter>Header Files</Filter>
    </ClInclude>
    <ClInclude Include="Source\StaticFourViewController.h">
      <Filter>Header Files</Filter>
    </ClInclude>
    <ClInclude Include="Source\StaticSingleViewController.h">
      <Filter>Header Files</Filter>
    </ClInclude>
    <ClInclude Include="Source\ITrainInterface.h">
      <Filter>Header Files</Filter>
    </ClInclude>
    <ClInclude Include="Source\CCTVProperties.h">
      <Filter>Header Files</Filter>
    </ClInclude>
    <ClInclude Include="Source\VehicleModuleViewcontroller.h">
      <Filter>Header Files</Filter>
    </ClInclude>
    <ClInclude Include="..\..\libraries\Serialisation\Source\Cpp\Source\Protobuf\SaloonCCTVProtos.pb.h">
      <Filter>External</Filter>
    </ClInclude>
    <ClInclude Include="Source\ExternalCamTypeViewcontroller.h">
      <Filter>Header Files</Filter>
    </ClInclude>
    <ClInclude Include="Source\AlarmViewController.h">
      <Filter>Header Files</Filter>
    </ClInclude>
    <ClInclude Include="Source\AlarmFourViewController.h">
      <Filter>Header Files</Filter>
    </ClInclude>
  </ItemGroup>
  <ItemGroup>
    <None Include="CCTVUnit.ini" />
  </ItemGroup>
  <ItemGroup>
    <ClCompile Include="Source\AutoRotateFourViewController.cpp">
      <Filter>Source Files</Filter>
    </ClCompile>
    <ClCompile Include="Source\AutoRotateSingleViewController.cpp">
      <Filter>Source Files</Filter>
    </ClCompile>
    <ClCompile Include="Source\CanvasViewManager.cpp">
      <Filter>Source Files</Filter>
    </ClCompile>
    <ClCompile Include="Source\CCTVBackendUnitImpl.cpp">
      <Filter>Source Files</Filter>
    </ClCompile>
    <ClCompile Include="Source\CCTVCommsInterface.cpp">
      <Filter>Source Files</Filter>
    </ClCompile>
    <ClCompile Include="Source\CCTVProperties.cpp">
      <Filter>Source Files</Filter>
    </ClCompile>
    <ClCompile Include="Source\CCTVState.cpp">
      <Filter>Source Files</Filter>
    </ClCompile>
    <ClCompile Include="Source\CCTVTrainInterface.cpp">
      <Filter>Source Files</Filter>
    </ClCompile>
    <ClCompile Include="Source\CCTVViewController.cpp">
      <Filter>Source Files</Filter>
    </ClCompile>
    <ClCompile Include="Source\CCTVVisionManager.cpp">
      <Filter>Source Files</Filter>
    </ClCompile>
    <ClCompile Include="Source\CommsInterface.cpp">
      <Filter>Source Files</Filter>
    </ClCompile>
    <ClCompile Include="Source\ICCTVProperties.cpp">
      <Filter>Source Files</Filter>
    </ClCompile>
    <ClCompile Include="Source\ICommsInterface .cpp">
      <Filter>Source Files</Filter>
    </ClCompile>
    <ClCompile Include="Source\PowerUpViewController.cpp">
      <Filter>Source Files</Filter>
    </ClCompile>
    <ClCompile Include="Source\SelectedCameraViewController.cpp">
      <Filter>Source Files</Filter>
    </ClCompile>
    <ClCompile Include="Source\ShutdownViewController.cpp">
      <Filter>Source Files</Filter>
    </ClCompile>
    <ClCompile Include="Source\StaticFourViewController.cpp">
      <Filter>Source Files</Filter>
    </ClCompile>
    <ClCompile Include="Source\StaticSingleViewController.cpp">
      <Filter>Source Files</Filter>
    </ClCompile>
    <ClCompile Include="Source\UnitDLL.cpp">
      <Filter>Source Files</Filter>
    </ClCompile>
    <ClCompile Include="Source\VehicleModuleViewcontroller.cpp">
      <Filter>Source Files</Filter>
    </ClCompile>
    <ClCompile Include="..\..\libraries\Serialisation\Source\Cpp\Source\Protobuf\SaloonCCTVProtos.pb.cc">
      <Filter>External</Filter>
    </ClCompile>
    <ClCompile Include="Source\ExternalCamTypeViewcontroller.cpp">
      <Filter>Source Files</Filter>
    </ClCompile>
    <ClCompile Include="Source\AlarmViewController.cpp">
      <Filter>Source Files</Filter>
    </ClCompile>
    <ClCompile Include="Source\AlarmFourViewController.cpp">
      <Filter>Source Files</Filter>
    </ClCompile>
  </ItemGroup>
</Project>