Microsoft Visual Studio Solution File, Format Version 12.00
# Visual Studio 15
VisualStudioVersion = 15.0.28307.645
MinimumVisualStudioVersion = 10.0.40219.1
Project("{8BC9CEB8-8B4A-11D0-8D11-00A0C91BC942}") = "session_analyser", "session_analyser.vcxproj", "{BCE582A9-6864-44C7-BCAF-8FA700C60BA1}"
EndProject
Global
	GlobalSection(SolutionConfigurationPlatforms) = preSolution
		Debug DLL|Win32 = Debug DLL|Win32
		Release DLL|Win32 = Release DLL|Win32
	EndGlobalSection
	GlobalSection(ProjectConfigurationPlatforms) = postSolution
		{BCE582A9-6864-44C7-BCAF-8FA700C60BA1}.Debug DLL|Win32.ActiveCfg = Debug DLL|Win32
		{BCE582A9-6864-44C7-BCAF-8FA700C60BA1}.Debug DLL|Win32.Build.0 = Debug DLL|Win32
		{BCE582A9-6864-44C7-BCAF-8FA700C60BA1}.Release DLL|Win32.ActiveCfg = Release DLL|Win32
		{BCE582A9-6864-44C7-BCAF-8FA700C60BA1}.Release DLL|Win32.Build.0 = Release DLL|Win32
	EndGlobalSection
	GlobalSection(SolutionProperties) = preSolution
		HideSolutionNode = FALSE
	EndGlobalSection
	GlobalSection(ExtensibilityGlobals) = postSolution
		DPBuild = 5
		SolutionGuid = {49721B9D-C570-4BE6-A093-029BA0BC8970}
	EndGlobalSection
EndGlobal
