<?xml version="1.0" encoding="utf-8"?>
<Project ToolsVersion="4.0" xmlns="http://schemas.microsoft.com/developer/msbuild/2003">
  <ItemGroup>
    <Filter Include="Source">
      <UniqueIdentifier>{8084de5d-6ec0-4214-85f8-940fa862e5e5}</UniqueIdentifier>
      <Extensions>cpp;c;cxx;def;odl;idl;hpj;bat;asm</Extensions>
    </Filter>
  </ItemGroup>
  <ItemGroup>
    <ClCompile Include="Source\SMSApplication.cpp">
      <Filter>Source</Filter>
    </ClCompile>
    <ClCompile Include="Source\ProjectOracleProxy.cpp">
      <Filter>Source</Filter>
    </ClCompile>
    <ClCompile Include="Source\ProjectSessionAccess.cpp">
      <Filter>Source</Filter>
    </ClCompile>
    <ClCompile Include="Source\StudentMarkerUnit.cpp">
      <Filter>Source</Filter>
    </ClCompile>
    <ClCompile Include="Source\SMS.cpp">
      <Filter>Source</Filter>
    </ClCompile>
  </ItemGroup>
  <ItemGroup>
    <ClInclude Include="Source\SMSApplication.h">
      <Filter>Source</Filter>
    </ClInclude>
    <ClInclude Include="Source\OracleProxy.h">
      <Filter>Source</Filter>
    </ClInclude>
    <ClInclude Include="Source\ProjectOracleProxy.h">
      <Filter>Source</Filter>
    </ClInclude>
    <ClInclude Include="Source\ProjectSessionAccess.h">
      <Filter>Source</Filter>
    </ClInclude>
    <ClInclude Include="Source\StudentMarkerUnit.h">
      <Filter>Source</Filter>
    </ClInclude>
  </ItemGroup>
  <ItemGroup>
    <None Include="app.config" />
  </ItemGroup>
</Project>